Microsoft Visual Studio Solution File, Format Version 11.00
# Visual Studio 16
Project("{F184B08F-C81C-45F6-A57F-5ABD9991F28F}") = "FlowLayoutControl_GroupBox", "FlowLayoutControl_GroupBox\FlowLayoutControl_GroupBox.Net5.vbproj", "{CE6C5D5D-1DB4-4653-967F-50A958901E83}"
EndProject
Global
	GlobalSection(SolutionConfigurationPlatforms) = preSolution
		Debug|x86 = Debug|x86
		Release|x86 = Release|x86
	EndGlobalSection
	GlobalSection(ProjectConfigurationPlatforms) = postSolution
		{CE6C5D5D-1DB4-4653-967F-50A958901E83}.Debug|x86.ActiveCfg = Debug|x86
		{CE6C5D5D-1DB4-4653-967F-50A958901E83}.Debug|x86.Build.0 = Debug|x86
		{CE6C5D5D-1DB4-4653-967F-50A958901E83}.Release|x86.ActiveCfg = Release|x86
		{CE6C5D5D-1DB4-4653-967F-50A958901E83}.Release|x86.Build.0 = Release|x86
	EndGlobalSection
	GlobalSection(SolutionProperties) = preSolution
		HideSolutionNode = FALSE
	EndGlobalSection
EndGlobal
